
Microsoft Visual Studio Solution File, Format Version 12.00
# Visual Studio 14
VisualStudioVersion = 14.0.25008.0
MinimumVisualStudioVersion = 10.0.40219.1
Project("{2150E333-8FDC-42A3-9474-1A3956D46DE8}") = "src", "src", "{CA96EDA1-7227-47C5-B4A1-DC9335E66408}"
EndProject
Project("{2150E333-8FDC-42A3-9474-1A3956D46DE8}") = "Solution Items", "Solution Items", "{C5B39B9F-F6F3-4D8D-B580-DA9768DEC10C}"
	ProjectSection(SolutionItems) = preProject
		global.json = global.json
	EndProjectSection
EndProject
Project("{8BB2217D-0F2D-49D1-97BC-3654ED321F3B}") = "ContosoBooks", "src\ContosoBooks\ContosoBooks.xproj", "{FA9A2B3B-4D76-4F03-AB62-8C747375C296}"
EndProject
Global
	GlobalSection(SolutionConfigurationPlatforms) = preSolution
		Debug|Any CPU = Debug|Any CPU
		Release|Any CPU = Release|Any CPU
	EndGlobalSection
	GlobalSection(ProjectConfigurationPlatforms) = postSolution
		{FA9A2B3B-4D76-4F03-AB62-8C747375C296}.Debug|Any CPU.ActiveCfg = Debug|Any CPU
		{FA9A2B3B-4D76-4F03-AB62-8C747375C296}.Debug|Any CPU.Build.0 = Debug|Any CPU
		{FA9A2B3B-4D76-4F03-AB62-8C747375C296}.Release|Any CPU.ActiveCfg = Release|Any CPU
		{FA9A2B3B-4D76-4F03-AB62-8C747375C296}.Release|Any CPU.Build.0 = Release|Any CPU
	EndGlobalSection
	GlobalSection(SolutionProperties) = preSolution
		HideSolutionNode = FALSE
	EndGlobalSection
	GlobalSection(NestedProjects) = preSolution
		{FA9A2B3B-4D76-4F03-AB62-8C747375C296} = {CA96EDA1-7227-47C5-B4A1-DC9335E66408}
	EndGlobalSection
EndGlobal
